{
  "name": "@ng-maps/direction",
  "version": "1.0.0",
  "lockfileVersion": 3,
  "requires": true,
  "packages": {
    "": {
      "name": "@ng-maps/direction",
      "version": "1.0.0",
      "license": "MIT",
      "dependencies": {
        "tslib": "^2.0.0"
      },
      "devDependencies": {
        "@types/googlemaps": "^3.39.8"
      },
      "peerDependencies": {
        "@angular/common": "^8.0.0 || ^9.0.0 || ^10.0.0 || ^16.0.0",
        "@angular/core": "^8.0.0 || ^9.0.0 || ^10.0.0 || ^16.0.0",
        "@ng-maps/core": "^2.0.0-alpha.7 || ^4.0.0 || ^5.0.0"
      }
    },
    "node_modules/@angular/common": {
      "version": "16.0.5",
      "resolved": "https://registry.npmjs.org/@angular/common/-/common-16.0.5.tgz",
      "integrity": "sha512-qCcfuvs6Suqv7uA3MrtIi+aY2KW6F57XnRTzWdU3PLQjv8LHN8SZQee5ce2TQ8yCgAIdiLRGDqmLz+DvmRXiIQ==",
      "peer": true,
      "dependencies": {
        "tslib": "^2.3.0"
      },
      "engines": {
        "node": "^16.14.0 || >=18.10.0"
      },
      "peerDependencies": {
        "@angular/core": "16.0.5",
        "rxjs": "^6.5.3 || ^7.4.0"
      }
    },
    "node_modules/@angular/compiler": {
      "version": "16.0.5",
      "resolved": "https://registry.npmjs.org/@angular/compiler/-/compiler-16.0.5.tgz",
      "integrity": "sha512-AqUqAcK7yQHRGkJF0PD3firTak4jEXvsuDB9+h399AbVUwHcAe46jSp8Cwn6B2mg8sKPCQ65IJRze8DCYv7xOg==",
      "peer": true,
      "dependencies": {
        "tslib": "^2.3.0"
      },
      "engines": {
        "node": "^16.14.0 || >=18.10.0"
      },
      "peerDependencies": {
        "@angular/core": "16.0.5"
      },
      "peerDependenciesMeta": {
        "@angular/core": {
          "optional": true
        }
      }
    },
    "node_modules/@angular/core": {
      "version": "16.0.5",
      "resolved": "https://registry.npmjs.org/@angular/core/-/core-16.0.5.tgz",
      "integrity": "sha512-zZYcL10eKkwjR0zIjJzqlyKpu+a0aPQrSdVUDc/ugEEcf80sN/BBEQxC8CNqccbUDFUIk/qPi/2Q9b6U1rKJpA==",
      "peer": true,
      "dependencies": {
        "tslib": "^2.3.0"
      },
      "engines": {
        "node": "^16.14.0 || >=18.10.0"
      },
      "peerDependencies": {
        "rxjs": "^6.5.3 || ^7.4.0",
        "zone.js": "~0.13.0"
      }
    },
    "node_modules/@angular/platform-browser": {
      "version": "16.0.5",
      "resolved": "https://registry.npmjs.org/@angular/platform-browser/-/platform-browser-16.0.5.tgz",
      "integrity": "sha512-2lTUsnrUMSVjkeEfEgDBbLFYYLWQMxxGWiEvXjJvAv/dg4YeRsEDk9TTYSmca4dtXcsa0v1AtvTRHa6lvupDwQ==",
      "peer": true,
      "dependencies": {
        "tslib": "^2.3.0"
      },
      "engines": {
        "node": "^16.14.0 || >=18.10.0"
      },
      "peerDependencies": {
        "@angular/animations": "16.0.5",
        "@angular/common": "16.0.5",
        "@angular/core": "16.0.5"
      },
      "peerDependenciesMeta": {
        "@angular/animations": {
          "optional": true
        }
      }
    },
    "node_modules/@angular/platform-browser-dynamic": {
      "version": "16.0.5",
      "resolved": "https://registry.npmjs.org/@angular/platform-browser-dynamic/-/platform-browser-dynamic-16.0.5.tgz",
      "integrity": "sha512-P119TZJa2JhkVeAgfDeO01pYcIzUHF/kc+JWYi8nIyWsz/ynx5kfIk1wo3GpOaqCb+iieZYLRgwIMRMpQgkxUg==",
      "peer": true,
      "dependencies": {
        "tslib": "^2.3.0"
      },
      "engines": {
        "node": "^16.14.0 || >=18.10.0"
      },
      "peerDependencies": {
        "@angular/common": "16.0.5",
        "@angular/compiler": "16.0.5",
        "@angular/core": "16.0.5",
        "@angular/platform-browser": "16.0.5"
      }
    },
    "node_modules/@ng-maps/core": {
      "version": "5.0.0",
      "resolved": "https://registry.npmjs.org/@ng-maps/core/-/core-5.0.0.tgz",
      "integrity": "sha512-9m+/D6GYe+vwn7Ip+My/08T0F02tbGGntvo0VjTWMaE289uvg5uag+kEZ8jsOFnyUoq9GZKgRrRtSPBHsbhFZA==",
      "peer": true,
      "dependencies": {
        "tslib": "^2.0.0"
      },
      "peerDependencies": {
        "@angular/common": "^14.0.0 || ^15.0.0 || ^16.0.0",
        "@angular/core": "^14.0.0 || ^15.0.0 || ^16.0.0",
        "@angular/platform-browser-dynamic": "^14.0.0 || ^15.0.0 || ^16.0.0",
        "rxjs": "^7.0.0",
        "zone.js": "~0.11.4 || ~0.12.0 || ~0.13.0"
      }
    },
    "node_modules/@types/googlemaps": {
      "version": "3.43.3",
      "resolved": "https://registry.npmjs.org/@types/googlemaps/-/googlemaps-3.43.3.tgz",
      "integrity": "sha512-ZWNoz/O8MPEpiajvj7QiqCY8tTLFNqNZ/a+s+zTV58wFVNAvvqV4bdGfnsjTb5Cs4V6wEsLrX8XRhmnyYJ2Tdg==",
      "deprecated": "Types for the Google Maps browser API have moved to @types/google.maps. Note: these types are not for the googlemaps npm package, which is a Node API.",
      "dev": true
    },
    "node_modules/rxjs": {
      "version": "7.8.1",
      "resolved": "https://registry.npmjs.org/rxjs/-/rxjs-7.8.1.tgz",
      "integrity": "sha512-AA3TVj+0A2iuIoQkWEK/tqFjBq2j+6PO6Y0zJcvzLAFhEFIO3HL0vls9hWLncZbAAbK0mar7oZ4V079I/qPMxg==",
      "peer": true,
      "dependencies": {
        "tslib": "^2.1.0"
      }
    },
    "node_modules/tslib": {
      "version": "2.5.3",
      "resolved": "https://registry.npmjs.org/tslib/-/tslib-2.5.3.tgz",
      "integrity": "sha512-mSxlJJwl3BMEQCUNnxXBU9jP4JBktcEGhURcPR6VQVlnP0FdDEsIaz0C35dXNGLyRfrATNofF0F5p2KPxQgB+w=="
    },
    "node_modules/zone.js": {
      "version": "0.13.0",
      "resolved": "https://registry.npmjs.org/zone.js/-/zone.js-0.13.0.tgz",
      "integrity": "sha512-7m3hNNyswsdoDobCkYNAy5WiUulkMd3+fWaGT9ij6iq3Zr/IwJo4RMCYPSDjT+r7tnPErmY9sZpKhWQ8S5k6XQ==",
      "peer": true,
      "dependencies": {
        "tslib": "^2.3.0"
      }
    }
  }
}
