{
  "name": "@ng-maps/here",
  "version": "2.0.0-alpha.13",
  "lockfileVersion": 1,
  "requires": true,
  "dependencies": {
    "tslib": {
      "version": "2.5.1",
      "resolved": "https://registry.npmjs.org/tslib/-/tslib-2.5.1.tgz",
      "integrity": "sha512-KaI6gPil5m9vF7DKaoXxx1ia9fxS4qG5YveErRRVknPDXXriu5M8h48YRjB6h5ZUOKuAKlSJYb0GaDe8I39fRw=="
    }
  }
}
